
Microsoft Visual Studio Solution File, Format Version 12.00
# Visual Studio Version 17
VisualStudioVersion = 17.13.35931.197 d17.13
MinimumVisualStudioVersion = 10.0.40219.1
Project("{FAE04EC0-301F-11D3-BF4B-00C04F79EFBC}") = "ProgPoe", "ProgPoe.csproj", "{32FB963D-42DB-42E7-A27B-4DA99D555794}"
EndProject
Global
	GlobalSection(SolutionConfigurationPlatforms) = preSolution
		Debug|Any CPU = Debug|Any CPU
		Release|Any CPU = Release|Any CPU
	EndGlobalSection
	GlobalSection(ProjectConfigurationPlatforms) = postSolution
		{32FB963D-42DB-42E7-A27B-4DA99D555794}.Debug|Any CPU.ActiveCfg = Debug|Any CPU
		{32FB963D-42DB-42E7-A27B-4DA99D555794}.Debug|Any CPU.Build.0 = Debug|Any CPU
		{32FB963D-42DB-42E7-A27B-4DA99D555794}.Release|Any CPU.ActiveCfg = Release|Any CPU
		{32FB963D-42DB-42E7-A27B-4DA99D555794}.Release|Any CPU.Build.0 = Release|Any CPU
	EndGlobalSection
	GlobalSection(SolutionProperties) = preSolution
		HideSolutionNode = FALSE
	EndGlobalSection
	GlobalSection(ExtensibilityGlobals) = postSolution
		SolutionGuid = {E0A22DF6-4880-4F85-8B7C-D85D121E1E3D}
	EndGlobalSection
EndGlobal
